
Microsoft Visual Studio Solution File, Format Version 12.00
# Visual Studio Version 16
VisualStudioVersion = 16.0.29709.97
MinimumVisualStudioVersion = 10.0.40219.1
Project("{FAE04EC0-301F-11D3-BF4B-00C04F79EFBC}") = "TEST_VS_Jenkins", "TEST_VS_Jenkins\TEST_VS_Jenkins.csproj", "{D571950A-E78A-4A4E-B456-C1E91EB8D022}"
EndProject
Project("{FAE04EC0-301F-11D3-BF4B-00C04F79EFBC}") = "UnitTestProject", "UnitTestProject\UnitTestProject.csproj", "{253F7069-55DA-421F-B4D4-8C0393E43BC4}"
EndProject
Global
	GlobalSection(SolutionConfigurationPlatforms) = preSolution
		Debug|Any CPU = Debug|Any CPU
		Release|Any CPU = Release|Any CPU
	EndGlobalSection
	GlobalSection(ProjectConfigurationPlatforms) = postSolution
		{D571950A-E78A-4A4E-B456-C1E91EB8D022}.Debug|Any CPU.ActiveCfg = Debug|Any CPU
		{D571950A-E78A-4A4E-B456-C1E91EB8D022}.Debug|Any CPU.Build.0 = Debug|Any CPU
		{D571950A-E78A-4A4E-B456-C1E91EB8D022}.Release|Any CPU.ActiveCfg = Release|Any CPU
		{D571950A-E78A-4A4E-B456-C1E91EB8D022}.Release|Any CPU.Build.0 = Release|Any CPU
		{253F7069-55DA-421F-B4D4-8C0393E43BC4}.Debug|Any CPU.ActiveCfg = Debug|Any CPU
		{253F7069-55DA-421F-B4D4-8C0393E43BC4}.Debug|Any CPU.Build.0 = Debug|Any CPU
		{253F7069-55DA-421F-B4D4-8C0393E43BC4}.Release|Any CPU.ActiveCfg = Release|Any CPU
		{253F7069-55DA-421F-B4D4-8C0393E43BC4}.Release|Any CPU.Build.0 = Release|Any CPU
	EndGlobalSection
	GlobalSection(SolutionProperties) = preSolution
		HideSolutionNode = FALSE
	EndGlobalSection
	GlobalSection(ExtensibilityGlobals) = postSolution
		SolutionGuid = {480805D1-5C24-4BFC-86CA-58C3320E9EB1}
	EndGlobalSection
EndGlobal
